// !$*UTF8*$!
{
	archiveVersion = 1;
	classes = {
	};
	objectVersion = 50;
	objects = {

/* Begin PBXBuildFile section */
		F3171B4321664B1D005D2282 /* MapKit.framework in Frameworks */ = {isa = PBXBuildFile; fileRef = F3171B4221664B1D005D2282 /* MapKit.framework */; };
		F3171B452166586F005D2282 /* MapViewController.swift in Sources */ = {isa = PBXBuildFile; fileRef = F3171B442166586F005D2282 /* MapViewController.swift */; };
		F342020521627BF100C864EA /* RestaurantDetailTableViewCell.swift in Sources */ = {isa = PBXBuildFile; fileRef = F342020421627BF100C864EA /* RestaurantDetailTableViewCell.swift */; };
		F3584C0E216201F40084214E /* RestaurantDetailViewController.swift in Sources */ = {isa = PBXBuildFile; fileRef = F3584C0D216201F40084214E /* RestaurantDetailViewController.swift */; };
		F3584C10216218CD0084214E /* Restaurant.swift in Sources */ = {isa = PBXBuildFile; fileRef = F3584C0F216218CD0084214E /* Restaurant.swift */; };
		F380EBA5215FB3410016216E /* AppDelegate.swift in Sources */ = {isa = PBXBuildFile; fileRef = F380EBA4215FB3410016216E /* AppDelegate.swift */; };
		F380EBAA215FB3410016216E /* Main.storyboard in Resources */ = {isa = PBXBuildFile; fileRef = F380EBA8215FB3410016216E /* Main.storyboard */; };
		F380EBAC215FB3420016216E /* Assets.xcassets in Resources */ = {isa = PBXBuildFile; fileRef = F380EBAB215FB3420016216E /* Assets.xcassets */; };
		F380EBAF215FB3420016216E /* LaunchScreen.storyboard in Resources */ = {isa = PBXBuildFile; fileRef = F380EBAD215FB3420016216E /* LaunchScreen.storyboard */; };
		F380EBB7215FB3C50016216E /* RestaurantsTableViewController.swift in Sources */ = {isa = PBXBuildFile; fileRef = F380EBB6215FB3C50016216E /* RestaurantsTableViewController.swift */; };
		F380EBB9215FBE5E0016216E /* RestaurantTableViewCell.swift in Sources */ = {isa = PBXBuildFile; fileRef = F380EBB8215FBE5E0016216E /* RestaurantTableViewCell.swift */; };
		F3C921252165151E0003BEAD /* ReviewViewController.swift in Sources */ = {isa = PBXBuildFile; fileRef = F3C921242165151E0003BEAD /* ReviewViewController.swift */; };
		F3F31B7B2167840C00AFF9D7 /* AddRestaurantViewController.swift in Sources */ = {isa = PBXBuildFile; fileRef = F3F31B7A2167840C00AFF9D7 /* AddRestaurantViewController.swift */; };
/* End PBXBuildFile section */

/* Begin PBXFileReference section */
		F3171B4221664B1D005D2282 /* MapKit.framework */ = {isa = PBXFileReference; lastKnownFileType = wrapper.framework; name = MapKit.framework; path = System/Library/Frameworks/MapKit.framework; sourceTree = SDKROOT; };
		F3171B442166586F005D2282 /* MapViewController.swift */ = {isa = PBXFileReference; lastKnownFileType = sourcecode.swift; path = MapViewController.swift; sourceTree = "<group>"; };
		F342020421627BF100C864EA /* RestaurantDetailTableViewCell.swift */ = {isa = PBXFileReference; lastKnownFileType = sourcecode.swift; path = RestaurantDetailTableViewCell.swift; sourceTree = "<group>"; };
		F3584C0D216201F40084214E /* RestaurantDetailViewController.swift */ = {isa = PBXFileReference; lastKnownFileType = sourcecode.swift; path = RestaurantDetailViewController.swift; sourceTree = "<group>"; };
		F3584C0F216218CD0084214E /* Restaurant.swift */ = {isa = PBXFileReference; lastKnownFileType = sourcecode.swift; path = Restaurant.swift; sourceTree = "<group>"; };
		F380EBA1215FB3410016216E /* FoodPin.app */ = {isa = PBXFileReference; explicitFileType = wrapper.application; includeInIndex = 0; path = FoodPin.app; sourceTree = BUILT_PRODUCTS_DIR; };
		F380EBA4215FB3410016216E /* AppDelegate.swift */ = {isa = PBXFileReference; lastKnownFileType = sourcecode.swift; path = AppDelegate.swift; sourceTree = "<group>"; };
		F380EBA9215FB3410016216E /* Base */ = {isa = PBXFileReference; lastKnownFileType = file.storyboard; name = Base; path = Base.lproj/Main.storyboard; sourceTree = "<group>"; };
		F380EBAB215FB3420016216E /* Assets.xcassets */ = {isa = PBXFileReference; lastKnownFileType = folder.assetcatalog; path = Assets.xcassets; sourceTree = "<group>"; };
		F380EBAE215FB3420016216E /* Base */ = {isa = PBXFileReference; lastKnownFileType = file.storyboard; name = Base; path = Base.lproj/LaunchScreen.storyboard; sourceTree = "<group>"; };
		F380EBB0215FB3420016216E /* Info.plist */ = {isa = PBXFileReference; lastKnownFileType = text.plist.xml; path = Info.plist; sourceTree = "<group>"; };
		F380EBB6215FB3C50016216E /* RestaurantsTableViewController.swift */ = {isa = PBXFileReference; lastKnownFileType = sourcecode.swift; path = RestaurantsTableViewController.swift; sourceTree = "<group>"; };
		F380EBB8215FBE5E0016216E /* RestaurantTableViewCell.swift */ = {isa = PBXFileReference; lastKnownFileType = sourcecode.swift; path = RestaurantTableViewCell.swift; sourceTree = "<group>"; };
		F3C921242165151E0003BEAD /* ReviewViewController.swift */ = {isa = PBXFileReference; lastKnownFileType = sourcecode.swift; path = ReviewViewController.swift; sourceTree = "<group>"; };
		F3F31B7A2167840C00AFF9D7 /* AddRestaurantViewController.swift */ = {isa = PBXFileReference; lastKnownFileType = sourcecode.swift; path = AddRestaurantViewController.swift; sourceTree = "<group>"; };
/* End PBXFileReference section */

/* Begin PBXFrameworksBuildPhase section */
		F380EB9E215FB3410016216E /* Frameworks */ = {
			isa = PBXFrameworksBuildPhase;
			buildActionMask = 2147483647;
			files = (
				F3171B4321664B1D005D2282 /* MapKit.framework in Frameworks */,
			);
			runOnlyForDeploymentPostprocessing = 0;
		};
/* End PBXFrameworksBuildPhase section */

/* Begin PBXGroup section */
		F3171B4121664B1D005D2282 /* Frameworks */ = {
			isa = PBXGroup;
			children = (
				F3171B4221664B1D005D2282 /* MapKit.framework */,
			);
			name = Frameworks;
			sourceTree = "<group>";
		};
		F380EB98215FB3410016216E = {
			isa = PBXGroup;
			children = (
				F380EBA3215FB3410016216E /* FoodPin */,
				F380EBA2215FB3410016216E /* Products */,
				F3171B4121664B1D005D2282 /* Frameworks */,
			);
			sourceTree = "<group>";
		};
		F380EBA2215FB3410016216E /* Products */ = {
			isa = PBXGroup;
			children = (
				F380EBA1215FB3410016216E /* FoodPin.app */,
			);
			name = Products;
			sourceTree = "<group>";
		};
		F380EBA3215FB3410016216E /* FoodPin */ = {
			isa = PBXGroup;
			children = (
				F380EBA4215FB3410016216E /* AppDelegate.swift */,
				F380EBA8215FB3410016216E /* Main.storyboard */,
				F380EBAB215FB3420016216E /* Assets.xcassets */,
				F380EBAD215FB3420016216E /* LaunchScreen.storyboard */,
				F380EBB0215FB3420016216E /* Info.plist */,
				F380EBB6215FB3C50016216E /* RestaurantsTableViewController.swift */,
				F380EBB8215FBE5E0016216E /* RestaurantTableViewCell.swift */,
				F3584C0D216201F40084214E /* RestaurantDetailViewController.swift */,
				F3584C0F216218CD0084214E /* Restaurant.swift */,
				F342020421627BF100C864EA /* RestaurantDetailTableViewCell.swift */,
				F3C921242165151E0003BEAD /* ReviewViewController.swift */,
				F3171B442166586F005D2282 /* MapViewController.swift */,
				F3F31B7A2167840C00AFF9D7 /* AddRestaurantViewController.swift */,
			);
			path = FoodPin;
			sourceTree = "<group>";
		};
/* End PBXGroup section */

/* Begin PBXNativeTarget section */
		F380EBA0215FB3410016216E /* FoodPin */ = {
			isa = PBXNativeTarget;
			buildConfigurationList = F380EBB3215FB3420016216E /* Build configuration list for PBXNativeTarget "FoodPin" */;
			buildPhases = (
				F380EB9D215FB3410016216E /* Sources */,
				F380EB9E215FB3410016216E /* Frameworks */,
				F380EB9F215FB3410016216E /* Resources */,
			);
			buildRules = (
			);
			dependencies = (
			);
			name = FoodPin;
			productName = FoodPin;
			productReference = F380EBA1215FB3410016216E /* FoodPin.app */;
			productType = "com.apple.product-type.application";
		};
/* End PBXNativeTarget section */

/* Begin PBXProject section */
		F380EB99215FB3410016216E /* Project object */ = {
			isa = PBXProject;
			attributes = {
				LastSwiftUpdateCheck = 1000;
				LastUpgradeCheck = 1000;
				ORGANIZATIONNAME = phuongzzz;
				TargetAttributes = {
					F380EBA0215FB3410016216E = {
						CreatedOnToolsVersion = 10.0;
						SystemCapabilities = {
							com.apple.Maps.iOS = {
								enabled = 1;
							};
						};
					};
				};
			};
			buildConfigurationList = F380EB9C215FB3410016216E /* Build configuration list for PBXProject "FoodPin" */;
			compatibilityVersion = "Xcode 9.3";
			developmentRegion = en;
			hasScannedForEncodings = 0;
			knownRegions = (
				en,
				Base,
			);
			mainGroup = F380EB98215FB3410016216E;
			productRefGroup = F380EBA2215FB3410016216E /* Products */;
			projectDirPath = "";
			projectRoot = "";
			targets = (
				F380EBA0215FB3410016216E /* FoodPin */,
			);
		};
/* End PBXProject section */

/* Begin PBXResourcesBuildPhase section */
		F380EB9F215FB3410016216E /* Resources */ = {
			isa = PBXResourcesBuildPhase;
			buildActionMask = 2147483647;
			files = (
				F380EBAF215FB3420016216E /* LaunchScreen.storyboard in Resources */,
				F380EBAC215FB3420016216E /* Assets.xcassets in Resources */,
				F380EBAA215FB3410016216E /* Main.storyboard in Resources */,
			);
			runOnlyForDeploymentPostprocessing = 0;
		};
/* End PBXResourcesBuildPhase section */

/* Begin PBXSourcesBuildPhase section */
		F380EB9D215FB3410016216E /* Sources */ = {
			isa = PBXSourcesBuildPhase;
			buildActionMask = 2147483647;
			files = (
				F3584C10216218CD0084214E /* Restaurant.swift in Sources */,
				F380EBB7215FB3C50016216E /* RestaurantsTableViewController.swift in Sources */,
				F3C921252165151E0003BEAD /* ReviewViewController.swift in Sources */,
				F380EBB9215FBE5E0016216E /* RestaurantTableViewCell.swift in Sources */,
				F342020521627BF100C864EA /* RestaurantDetailTableViewCell.swift in Sources */,
				F3F31B7B2167840C00AFF9D7 /* AddRestaurantViewController.swift in Sources */,
				F3584C0E216201F40084214E /* RestaurantDetailViewController.swift in Sources */,
				F380EBA5215FB3410016216E /* AppDelegate.swift in Sources */,
				F3171B452166586F005D2282 /* MapViewController.swift in Sources */,
			);
			runOnlyForDeploymentPostprocessing = 0;
		};
/* End PBXSourcesBuildPhase section */

/* Begin PBXVariantGroup section */
		F380EBA8215FB3410016216E /* Main.storyboard */ = {
			isa = PBXVariantGroup;
			children = (
				F380EBA9215FB3410016216E /* Base */,
			);
			name = Main.storyboard;
			sourceTree = "<group>";
		};
		F380EBAD215FB3420016216E /* LaunchScreen.storyboard */ = {
			isa = PBXVariantGroup;
			children = (
				F380EBAE215FB3420016216E /* Base */,
			);
			name = LaunchScreen.storyboard;
			sourceTree = "<group>";
		};
/* End PBXVariantGroup section */

/* Begin XCBuildConfiguration section */
		F380EBB1215FB3420016216E /* Debug */ = {
			isa = XCBuildConfiguration;
			buildSettings = {
				ALWAYS_SEARCH_USER_PATHS = NO;
				CLANG_ANALYZER_NONNULL = YES;
				CLANG_ANALYZER_NUMBER_OBJECT_CONVERSION = YES_AGGRESSIVE;
				CLANG_CXX_LANGUAGE_STANDARD = "gnu++14";
				CLANG_CXX_LIBRARY = "libc++";
				CLANG_ENABLE_MODULES = YES;
				CLANG_ENABLE_OBJC_ARC = YES;
				CLANG_ENABLE_OBJC_WEAK = YES;
				CLANG_WARN_BLOCK_CAPTURE_AUTORELEASING = YES;
				CLANG_WARN_BOOL_CONVERSION = YES;
				CLANG_WARN_COMMA = YES;
				CLANG_WARN_CONSTANT_CONVERSION = YES;
				CLANG_WARN_DEPRECATED_OBJC_IMPLEMENTATIONS = YES;
				CLANG_WARN_DIRECT_OBJC_ISA_USAGE = YES_ERROR;
				CLANG_WARN_DOCUMENTATION_COMMENTS = YES;
				CLANG_WARN_EMPTY_BODY = YES;
				CLANG_WARN_ENUM_CONVERSION = YES;
				CLANG_WARN_INFINITE_RECURSION = YES;
				CLANG_WARN_INT_CONVERSION = YES;
				CLANG_WARN_NON_LITERAL_NULL_CONVERSION = YES;
				CLANG_WARN_OBJC_IMPLICIT_RETAIN_SELF = YES;
				CLANG_WARN_OBJC_LITERAL_CONVERSION = YES;
				CLANG_WARN_OBJC_ROOT_CLASS = YES_ERROR;
				CLANG_WARN_RANGE_LOOP_ANALYSIS = YES;
				CLANG_WARN_STRICT_PROTOTYPES = YES;
				CLANG_WARN_SUSPICIOUS_MOVE = YES;
				CLANG_WARN_UNGUARDED_AVAILABILITY = YES_AGGRESSIVE;
				CLANG_WARN_UNREACHABLE_CODE = YES;
				CLANG_WARN__DUPLICATE_METHOD_MATCH = YES;
				CODE_SIGN_IDENTITY = "iPhone Developer";
				COPY_PHASE_STRIP = NO;
				DEBUG_INFORMATION_FORMAT = dwarf;
				ENABLE_STRICT_OBJC_MSGSEND = YES;
				ENABLE_TESTABILITY = YES;
				GCC_C_LANGUAGE_STANDARD = gnu11;
				GCC_DYNAMIC_NO_PIC = NO;
				GCC_NO_COMMON_BLOCKS = YES;
				GCC_OPTIMIZATION_LEVEL = 0;
				GCC_PREPROCESSOR_DEFINITIONS = (
					"DEBUG=1",
					"$(inherited)",
				);
				GCC_WARN_64_TO_32_BIT_CONVERSION = YES;
				GCC_WARN_ABOUT_RETURN_TYPE = YES_ERROR;
				GCC_WARN_UNDECLARED_SELECTOR = YES;
				GCC_WARN_UNINITIALIZED_AUTOS = YES_AGGRESSIVE;
				GCC_WARN_UNUSED_FUNCTION = YES;
				GCC_WARN_UNUSED_VARIABLE = YES;
				IPHONEOS_DEPLOYMENT_TARGET = 12.0;
				MTL_ENABLE_DEBUG_INFO = INCLUDE_SOURCE;
				MTL_FAST_MATH = YES;
				ONLY_ACTIVE_ARCH = YES;
				SDKROOT = iphoneos;
				SWIFT_ACTIVE_COMPILATION_CONDITIONS = DEBUG;
				SWIFT_OPTIMIZATION_LEVEL = "-Onone";
			};
			name = Debug;
		};
		F380EBB2215FB3420016216E /* Release */ = {
			isa = XCBuildConfiguration;
			buildSettings = {
				ALWAYS_SEARCH_USER_PATHS = NO;
				CLANG_ANALYZER_NONNULL = YES;
				CLANG_ANALYZER_NUMBER_OBJECT_CONVERSION = YES_AGGRESSIVE;
				CLANG_CXX_LANGUAGE_STANDARD = "gnu++14";
				CLANG_CXX_LIBRARY = "libc++";
				CLANG_ENABLE_MODULES = YES;
				CLANG_ENABLE_OBJC_ARC = YES;
				CLANG_ENABLE_OBJC_WEAK = YES;
				CLANG_WARN_BLOCK_CAPTURE_AUTORELEASING = YES;
				CLANG_WARN_BOOL_CONVERSION = YES;
				CLANG_WARN_COMMA = YES;
				CLANG_WARN_CONSTANT_CONVERSION = YES;
				CLANG_WARN_DEPRECATED_OBJC_IMPLEMENTATIONS = YES;
				CLANG_WARN_DIRECT_OBJC_ISA_USAGE = YES_ERROR;
				CLANG_WARN_DOCUMENTATION_COMMENTS = YES;
				CLANG_WARN_EMPTY_BODY = YES;
				CLANG_WARN_ENUM_CONVERSION = YES;
				CLANG_WARN_INFINITE_RECURSION = YES;
				CLANG_WARN_INT_CONVERSION = YES;
				CLANG_WARN_NON_LITERAL_NULL_CONVERSION = YES;
				CLANG_WARN_OBJC_IMPLICIT_RETAIN_SELF = YES;
				CLANG_WARN_OBJC_LITERAL_CONVERSION = YES;
				CLANG_WARN_OBJC_ROOT_CLASS = YES_ERROR;
				CLANG_WARN_RANGE_LOOP_ANALYSIS = YES;
				CLANG_WARN_STRICT_PROTOTYPES = YES;
				CLANG_WARN_SUSPICIOUS_MOVE = YES;
				CLANG_WARN_UNGUARDED_AVAILABILITY = YES_AGGRESSIVE;
				CLANG_WARN_UNREACHABLE_CODE = YES;
				CLANG_WARN__DUPLICATE_METHOD_MATCH = YES;
				CODE_SIGN_IDENTITY = "iPhone Developer";
				COPY_PHASE_STRIP = NO;
				DEBUG_INFORMATION_FORMAT = "dwarf-with-dsym";
				ENABLE_NS_ASSERTIONS = NO;
				ENABLE_STRICT_OBJC_MSGSEND = YES;
				GCC_C_LANGUAGE_STANDARD = gnu11;
				GCC_NO_COMMON_BLOCKS = YES;
				GCC_WARN_64_TO_32_BIT_CONVERSION = YES;
				GCC_WARN_ABOUT_RETURN_TYPE = YES_ERROR;
				GCC_WARN_UNDECLARED_SELECTOR = YES;
				GCC_WARN_UNINITIALIZED_AUTOS = YES_AGGRESSIVE;
				GCC_WARN_UNUSED_FUNCTION = YES;
				GCC_WARN_UNUSED_VARIABLE = YES;
				IPHONEOS_DEPLOYMENT_TARGET = 12.0;
				MTL_ENABLE_DEBUG_INFO = NO;
				MTL_FAST_MATH = YES;
				SDKROOT = iphoneos;
				SWIFT_COMPILATION_MODE = wholemodule;
				SWIFT_OPTIMIZATION_LEVEL = "-O";
				VALIDATE_PRODUCT = YES;
			};
			name = Release;
		};
		F380EBB4215FB3420016216E /* Debug */ = {
			isa = XCBuildConfiguration;
			buildSettings = {
				ASSETCATALOG_COMPILER_APPICON_NAME = AppIcon;
				CODE_SIGN_STYLE = Automatic;
				INFOPLIST_FILE = FoodPin/Info.plist;
				LD_RUNPATH_SEARCH_PATHS = (
					"$(inherited)",
					"@executable_path/Frameworks",
				);
				PRODUCT_BUNDLE_IDENTIFIER = home.FoodPin;
				PRODUCT_NAME = "$(TARGET_NAME)";
				SWIFT_VERSION = 4.2;
				TARGETED_DEVICE_FAMILY = "1,2";
			};
			name = Debug;
		};
		F380EBB5215FB3420016216E /* Release */ = {
			isa = XCBuildConfiguration;
			buildSettings = {
				ASSETCATALOG_COMPILER_APPICON_NAME = AppIcon;
				CODE_SIGN_STYLE = Automatic;
				INFOPLIST_FILE = FoodPin/Info.plist;
				LD_RUNPATH_SEARCH_PATHS = (
					"$(inherited)",
					"@executable_path/Frameworks",
				);
				PRODUCT_BUNDLE_IDENTIFIER = home.FoodPin;
				PRODUCT_NAME = "$(TARGET_NAME)";
				SWIFT_VERSION = 4.2;
				TARGETED_DEVICE_FAMILY = "1,2";
			};
			name = Release;
		};
/* End XCBuildConfiguration section */

/* Begin XCConfigurationList section */
		F380EB9C215FB3410016216E /* Build configuration list for PBXProject "FoodPin" */ = {
			isa = XCConfigurationList;
			buildConfigurations = (
				F380EBB1215FB3420016216E /* Debug */,
				F380EBB2215FB3420016216E /* Release */,
			);
			defaultConfigurationIsVisible = 0;
			defaultConfigurationName = Release;
		};
		F380EBB3215FB3420016216E /* Build configuration list for PBXNativeTarget "FoodPin" */ = {
			isa = XCConfigurationList;
			buildConfigurations = (
				F380EBB4215FB3420016216E /* Debug */,
				F380EBB5215FB3420016216E /* Release */,
			);
			defaultConfigurationIsVisible = 0;
			defaultConfigurationName = Release;
		};
/* End XCConfigurationList section */
	};
	rootObject = F380EB99215FB3410016216E /* Project object */;
}
